// !$*UTF8*$!
{
	archiveVersion = 1;
	classes = {
	};
	objectVersion = 77;
	objects = {

/* Begin PBXBuildFile section */
		B92DE5522CA43ACB00AA301D /* NoItemsView.swift in Sources */ = {isa = PBXBuildFile; fileRef = B92DE5512CA43ACB00AA301D /* NoItemsView.swift */; };
		B92DE5542CA4510E00AA301D /* LaunchScreen.storyboard in Resources */ = {isa = PBXBuildFile; fileRef = B92DE5532CA4510E00AA301D /* LaunchScreen.storyboard */; };
		B97B766D2CA0E56E00ABEDD0 /* Preview Assets.xcassets in Resources */ = {isa = PBXBuildFile; fileRef = B97B76642CA0E56E00ABEDD0 /* Preview Assets.xcassets */; };
		B97B766E2CA0E56E00ABEDD0 /* Assets.xcassets in Resources */ = {isa = PBXBuildFile; fileRef = B97B766A2CA0E56E00ABEDD0 /* Assets.xcassets */; };
		B97B766F2CA0E56E00ABEDD0 /* ItemModel.swift in Sources */ = {isa = PBXBuildFile; fileRef = B97B76622CA0E56E00ABEDD0 /* ItemModel.swift */; };
		B97B76702CA0E56E00ABEDD0 /* AddView.swift in Sources */ = {isa = PBXBuildFile; fileRef = B97B76662CA0E56E00ABEDD0 /* AddView.swift */; };
		B97B76712CA0E56E00ABEDD0 /* ListRowView.swift in Sources */ = {isa = PBXBuildFile; fileRef = B97B76672CA0E56E00ABEDD0 /* ListRowView.swift */; };
		B97B76722CA0E56E00ABEDD0 /* ListView.swift in Sources */ = {isa = PBXBuildFile; fileRef = B97B76682CA0E56E00ABEDD0 /* ListView.swift */; };
		B97B76732CA0E56E00ABEDD0 /* ToDoListApp.swift in Sources */ = {isa = PBXBuildFile; fileRef = B97B766B2CA0E56E00ABEDD0 /* ToDoListApp.swift */; };
		B97B76762CA0E59300ABEDD0 /* ListViewModel.swift in Sources */ = {isa = PBXBuildFile; fileRef = B97B76752CA0E58A00ABEDD0 /* ListViewModel.swift */; };
/* End PBXBuildFile section */

/* Begin PBXContainerItemProxy section */
		B97B762F2CA0C94500ABEDD0 /* PBXContainerItemProxy */ = {
			isa = PBXContainerItemProxy;
			containerPortal = B97B76162CA0C94300ABEDD0 /* Project object */;
			proxyType = 1;
			remoteGlobalIDString = B97B761D2CA0C94300ABEDD0;
			remoteInfo = ToDoList;
		};
		B97B76392CA0C94600ABEDD0 /* PBXContainerItemProxy */ = {
			isa = PBXContainerItemProxy;
			containerPortal = B97B76162CA0C94300ABEDD0 /* Project object */;
			proxyType = 1;
			remoteGlobalIDString = B97B761D2CA0C94300ABEDD0;
			remoteInfo = ToDoList;
		};
/* End PBXContainerItemProxy section */

/* Begin PBXFileReference section */
		B92DE5512CA43ACB00AA301D /* NoItemsView.swift */ = {isa = PBXFileReference; lastKnownFileType = sourcecode.swift; path = NoItemsView.swift; sourceTree = "<group>"; };
		B92DE5532CA4510E00AA301D /* LaunchScreen.storyboard */ = {isa = PBXFileReference; lastKnownFileType = file.storyboard; path = LaunchScreen.storyboard; sourceTree = "<group>"; };
		B97B761E2CA0C94300ABEDD0 /* ToDoList.app */ = {isa = PBXFileReference; explicitFileType = wrapper.application; includeInIndex = 0; path = ToDoList.app; sourceTree = BUILT_PRODUCTS_DIR; };
		B97B762E2CA0C94500ABEDD0 /* ToDoListTests.xctest */ = {isa = PBXFileReference; explicitFileType = wrapper.cfbundle; includeInIndex = 0; path = ToDoListTests.xctest; sourceTree = BUILT_PRODUCTS_DIR; };
		B97B76382CA0C94600ABEDD0 /* ToDoListUITests.xctest */ = {isa = PBXFileReference; explicitFileType = wrapper.cfbundle; includeInIndex = 0; path = ToDoListUITests.xctest; sourceTree = BUILT_PRODUCTS_DIR; };
		B97B76622CA0E56E00ABEDD0 /* ItemModel.swift */ = {isa = PBXFileReference; lastKnownFileType = sourcecode.swift; path = ItemModel.swift; sourceTree = "<group>"; };
		B97B76642CA0E56E00ABEDD0 /* Preview Assets.xcassets */ = {isa = PBXFileReference; lastKnownFileType = folder.assetcatalog; path = "Preview Assets.xcassets"; sourceTree = "<group>"; };
		B97B76662CA0E56E00ABEDD0 /* AddView.swift */ = {isa = PBXFileReference; lastKnownFileType = sourcecode.swift; path = AddView.swift; sourceTree = "<group>"; };
		B97B76672CA0E56E00ABEDD0 /* ListRowView.swift */ = {isa = PBXFileReference; lastKnownFileType = sourcecode.swift; path = ListRowView.swift; sourceTree = "<group>"; };
		B97B76682CA0E56E00ABEDD0 /* ListView.swift */ = {isa = PBXFileReference; lastKnownFileType = sourcecode.swift; path = ListView.swift; sourceTree = "<group>"; };
		B97B766A2CA0E56E00ABEDD0 /* Assets.xcassets */ = {isa = PBXFileReference; lastKnownFileType = folder.assetcatalog; path = Assets.xcassets; sourceTree = "<group>"; };
		B97B766B2CA0E56E00ABEDD0 /* ToDoListApp.swift */ = {isa = PBXFileReference; lastKnownFileType = sourcecode.swift; path = ToDoListApp.swift; sourceTree = "<group>"; };
		B97B76752CA0E58A00ABEDD0 /* ListViewModel.swift */ = {isa = PBXFileReference; lastKnownFileType = sourcecode.swift; path = ListViewModel.swift; sourceTree = "<group>"; };
/* End PBXFileReference section */

/* Begin PBXFileSystemSynchronizedRootGroup section */
		B97B76312CA0C94500ABEDD0 /* ToDoListTests */ = {
			isa = PBXFileSystemSynchronizedRootGroup;
			path = ToDoListTests;
			sourceTree = "<group>";
		};
		B97B763B2CA0C94600ABEDD0 /* ToDoListUITests */ = {
			isa = PBXFileSystemSynchronizedRootGroup;
			path = ToDoListUITests;
			sourceTree = "<group>";
		};
/* End PBXFileSystemSynchronizedRootGroup section */

/* Begin PBXFrameworksBuildPhase section */
		B97B761B2CA0C94300ABEDD0 /* Frameworks */ = {
			isa = PBXFrameworksBuildPhase;
			buildActionMask = 2147483647;
			files = (
			);
			runOnlyForDeploymentPostprocessing = 0;
		};
		B97B762B2CA0C94500ABEDD0 /* Frameworks */ = {
			isa = PBXFrameworksBuildPhase;
			buildActionMask = 2147483647;
			files = (
			);
			runOnlyForDeploymentPostprocessing = 0;
		};
		B97B76352CA0C94600ABEDD0 /* Frameworks */ = {
			isa = PBXFrameworksBuildPhase;
			buildActionMask = 2147483647;
			files = (
			);
			runOnlyForDeploymentPostprocessing = 0;
		};
/* End PBXFrameworksBuildPhase section */

/* Begin PBXGroup section */
		B97B76152CA0C94300ABEDD0 = {
			isa = PBXGroup;
			children = (
				B97B766C2CA0E56E00ABEDD0 /* ToDoList */,
				B97B76312CA0C94500ABEDD0 /* ToDoListTests */,
				B97B763B2CA0C94600ABEDD0 /* ToDoListUITests */,
				B97B761F2CA0C94300ABEDD0 /* Products */,
			);
			sourceTree = "<group>";
		};
		B97B761F2CA0C94300ABEDD0 /* Products */ = {
			isa = PBXGroup;
			children = (
				B97B761E2CA0C94300ABEDD0 /* ToDoList.app */,
				B97B762E2CA0C94500ABEDD0 /* ToDoListTests.xctest */,
				B97B76382CA0C94600ABEDD0 /* ToDoListUITests.xctest */,
			);
			name = Products;
			sourceTree = "<group>";
		};
		B97B76632CA0E56E00ABEDD0 /* Models */ = {
			isa = PBXGroup;
			children = (
				B97B76622CA0E56E00ABEDD0 /* ItemModel.swift */,
			);
			path = Models;
			sourceTree = "<group>";
		};
		B97B76652CA0E56E00ABEDD0 /* Preview Content */ = {
			isa = PBXGroup;
			children = (
				B97B76642CA0E56E00ABEDD0 /* Preview Assets.xcassets */,
			);
			path = "Preview Content";
			sourceTree = "<group>";
		};
		B97B76692CA0E56E00ABEDD0 /* Views */ = {
			isa = PBXGroup;
			children = (
				B97B76662CA0E56E00ABEDD0 /* AddView.swift */,
				B97B76672CA0E56E00ABEDD0 /* ListRowView.swift */,
				B97B76682CA0E56E00ABEDD0 /* ListView.swift */,
				B92DE5512CA43ACB00AA301D /* NoItemsView.swift */,
				B92DE5532CA4510E00AA301D /* LaunchScreen.storyboard */,
			);
			path = Views;
			sourceTree = "<group>";
		};
		B97B766C2CA0E56E00ABEDD0 /* ToDoList */ = {
			isa = PBXGroup;
			children = (
				B97B76742CA0E57200ABEDD0 /* ViewModels */,
				B97B76632CA0E56E00ABEDD0 /* Models */,
				B97B76652CA0E56E00ABEDD0 /* Preview Content */,
				B97B76692CA0E56E00ABEDD0 /* Views */,
				B97B766A2CA0E56E00ABEDD0 /* Assets.xcassets */,
				B97B766B2CA0E56E00ABEDD0 /* ToDoListApp.swift */,
			);
			path = ToDoList;
			sourceTree = "<group>";
		};
		B97B76742CA0E57200ABEDD0 /* ViewModels */ = {
			isa = PBXGroup;
			children = (
				B97B76752CA0E58A00ABEDD0 /* ListViewModel.swift */,
			);
			path = ViewModels;
			sourceTree = "<group>";
		};
/* End PBXGroup section */

/* Begin PBXNativeTarget section */
		B97B761D2CA0C94300ABEDD0 /* ToDoList */ = {
			isa = PBXNativeTarget;
			buildConfigurationList = B97B76422CA0C94600ABEDD0 /* Build configuration list for PBXNativeTarget "ToDoList" */;
			buildPhases = (
				B97B761A2CA0C94300ABEDD0 /* Sources */,
				B97B761B2CA0C94300ABEDD0 /* Frameworks */,
				B97B761C2CA0C94300ABEDD0 /* Resources */,
			);
			buildRules = (
			);
			dependencies = (
			);
			name = ToDoList;
			packageProductDependencies = (
			);
			productName = ToDoList;
			productReference = B97B761E2CA0C94300ABEDD0 /* ToDoList.app */;
			productType = "com.apple.product-type.application";
		};
		B97B762D2CA0C94500ABEDD0 /* ToDoListTests */ = {
			isa = PBXNativeTarget;
			buildConfigurationList = B97B76452CA0C94600ABEDD0 /* Build configuration list for PBXNativeTarget "ToDoListTests" */;
			buildPhases = (
				B97B762A2CA0C94500ABEDD0 /* Sources */,
				B97B762B2CA0C94500ABEDD0 /* Frameworks */,
				B97B762C2CA0C94500ABEDD0 /* Resources */,
			);
			buildRules = (
			);
			dependencies = (
				B97B76302CA0C94500ABEDD0 /* PBXTargetDependency */,
			);
			fileSystemSynchronizedGroups = (
				B97B76312CA0C94500ABEDD0 /* ToDoListTests */,
			);
			name = ToDoListTests;
			packageProductDependencies = (
			);
			productName = ToDoListTests;
			productReference = B97B762E2CA0C94500ABEDD0 /* ToDoListTests.xctest */;
			productType = "com.apple.product-type.bundle.unit-test";
		};
		B97B76372CA0C94600ABEDD0 /* ToDoListUITests */ = {
			isa = PBXNativeTarget;
			buildConfigurationList = B97B76482CA0C94600ABEDD0 /* Build configuration list for PBXNativeTarget "ToDoListUITests" */;
			buildPhases = (
				B97B76342CA0C94600ABEDD0 /* Sources */,
				B97B76352CA0C94600ABEDD0 /* Frameworks */,
				B97B76362CA0C94600ABEDD0 /* Resources */,
			);
			buildRules = (
			);
			dependencies = (
				B97B763A2CA0C94600ABEDD0 /* PBXTargetDependency */,
			);
			fileSystemSynchronizedGroups = (
				B97B763B2CA0C94600ABEDD0 /* ToDoListUITests */,
			);
			name = ToDoListUITests;
			packageProductDependencies = (
			);
			productName = ToDoListUITests;
			productReference = B97B76382CA0C94600ABEDD0 /* ToDoListUITests.xctest */;
			productType = "com.apple.product-type.bundle.ui-testing";
		};
/* End PBXNativeTarget section */

/* Begin PBXProject section */
		B97B76162CA0C94300ABEDD0 /* Project object */ = {
			isa = PBXProject;
			attributes = {
				BuildIndependentTargetsInParallel = 1;
				LastSwiftUpdateCheck = 1600;
				LastUpgradeCheck = 1600;
				TargetAttributes = {
					B97B761D2CA0C94300ABEDD0 = {
						CreatedOnToolsVersion = 16.0;
					};
					B97B762D2CA0C94500ABEDD0 = {
						CreatedOnToolsVersion = 16.0;
						TestTargetID = B97B761D2CA0C94300ABEDD0;
					};
					B97B76372CA0C94600ABEDD0 = {
						CreatedOnToolsVersion = 16.0;
						TestTargetID = B97B761D2CA0C94300ABEDD0;
					};
				};
			};
			buildConfigurationList = B97B76192CA0C94300ABEDD0 /* Build configuration list for PBXProject "ToDoList" */;
			developmentRegion = en;
			hasScannedForEncodings = 0;
			knownRegions = (
				en,
				Base,
			);
			mainGroup = B97B76152CA0C94300ABEDD0;
			minimizedProjectReferenceProxies = 1;
			preferredProjectObjectVersion = 77;
			productRefGroup = B97B761F2CA0C94300ABEDD0 /* Products */;
			projectDirPath = "";
			projectRoot = "";
			targets = (
				B97B761D2CA0C94300ABEDD0 /* ToDoList */,
				B97B762D2CA0C94500ABEDD0 /* ToDoListTests */,
				B97B76372CA0C94600ABEDD0 /* ToDoListUITests */,
			);
		};
/* End PBXProject section */

/* Begin PBXResourcesBuildPhase section */
		B97B761C2CA0C94300ABEDD0 /* Resources */ = {
			isa = PBXResourcesBuildPhase;
			buildActionMask = 2147483647;
			files = (
				B92DE5542CA4510E00AA301D /* LaunchScreen.storyboard in Resources */,
				B97B766D2CA0E56E00ABEDD0 /* Preview Assets.xcassets in Resources */,
				B97B766E2CA0E56E00ABEDD0 /* Assets.xcassets in Resources */,
			);
			runOnlyForDeploymentPostprocessing = 0;
		};
		B97B762C2CA0C94500ABEDD0 /* Resources */ = {
			isa = PBXResourcesBuildPhase;
			buildActionMask = 2147483647;
			files = (
			);
			runOnlyForDeploymentPostprocessing = 0;
		};
		B97B76362CA0C94600ABEDD0 /* Resources */ = {
			isa = PBXResourcesBuildPhase;
			buildActionMask = 2147483647;
			files = (
			);
			runOnlyForDeploymentPostprocessing = 0;
		};
/* End PBXResourcesBuildPhase section */

/* Begin PBXSourcesBuildPhase section */
		B97B761A2CA0C94300ABEDD0 /* Sources */ = {
			isa = PBXSourcesBuildPhase;
			buildActionMask = 2147483647;
			files = (
				B97B766F2CA0E56E00ABEDD0 /* ItemModel.swift in Sources */,
				B97B76702CA0E56E00ABEDD0 /* AddView.swift in Sources */,
				B97B76762CA0E59300ABEDD0 /* ListViewModel.swift in Sources */,
				B97B76712CA0E56E00ABEDD0 /* ListRowView.swift in Sources */,
				B97B76722CA0E56E00ABEDD0 /* ListView.swift in Sources */,
				B92DE5522CA43ACB00AA301D /* NoItemsView.swift in Sources */,
				B97B76732CA0E56E00ABEDD0 /* ToDoListApp.swift in Sources */,
			);
			runOnlyForDeploymentPostprocessing = 0;
		};
		B97B762A2CA0C94500ABEDD0 /* Sources */ = {
			isa = PBXSourcesBuildPhase;
			buildActionMask = 2147483647;
			files = (
			);
			runOnlyForDeploymentPostprocessing = 0;
		};
		B97B76342CA0C94600ABEDD0 /* Sources */ = {
			isa = PBXSourcesBuildPhase;
			buildActionMask = 2147483647;
			files = (
			);
			runOnlyForDeploymentPostprocessing = 0;
		};
/* End PBXSourcesBuildPhase section */

/* Begin PBXTargetDependency section */
		B97B76302CA0C94500ABEDD0 /* PBXTargetDependency */ = {
			isa = PBXTargetDependency;
			target = B97B761D2CA0C94300ABEDD0 /* ToDoList */;
			targetProxy = B97B762F2CA0C94500ABEDD0 /* PBXContainerItemProxy */;
		};
		B97B763A2CA0C94600ABEDD0 /* PBXTargetDependency */ = {
			isa = PBXTargetDependency;
			target = B97B761D2CA0C94300ABEDD0 /* ToDoList */;
			targetProxy = B97B76392CA0C94600ABEDD0 /* PBXContainerItemProxy */;
		};
/* End PBXTargetDependency section */

/* Begin XCBuildConfiguration section */
		B97B76402CA0C94600ABEDD0 /* Debug */ = {
			isa = XCBuildConfiguration;
			buildSettings = {
				ALWAYS_SEARCH_USER_PATHS = NO;
				ASSETCATALOG_COMPILER_GENERATE_SWIFT_ASSET_SYMBOL_EXTENSIONS = YES;
				CLANG_ANALYZER_NONNULL = YES;
				CLANG_ANALYZER_NUMBER_OBJECT_CONVERSION = YES_AGGRESSIVE;
				CLANG_CXX_LANGUAGE_STANDARD = "gnu++20";
				CLANG_ENABLE_MODULES = YES;
				CLANG_ENABLE_OBJC_ARC = YES;
				CLANG_ENABLE_OBJC_WEAK = YES;
				CLANG_WARN_BLOCK_CAPTURE_AUTORELEASING = YES;
				CLANG_WARN_BOOL_CONVERSION = YES;
				CLANG_WARN_COMMA = YES;
				CLANG_WARN_CONSTANT_CONVERSION = YES;
				CLANG_WARN_DEPRECATED_OBJC_IMPLEMENTATIONS = YES;
				CLANG_WARN_DIRECT_OBJC_ISA_USAGE = YES_ERROR;
				CLANG_WARN_DOCUMENTATION_COMMENTS = YES;
				CLANG_WARN_EMPTY_BODY = YES;
				CLANG_WARN_ENUM_CONVERSION = YES;
				CLANG_WARN_INFINITE_RECURSION = YES;
				CLANG_WARN_INT_CONVERSION = YES;
				CLANG_WARN_NON_LITERAL_NULL_CONVERSION = YES;
				CLANG_WARN_OBJC_IMPLICIT_RETAIN_SELF = YES;
				CLANG_WARN_OBJC_LITERAL_CONVERSION = YES;
				CLANG_WARN_OBJC_ROOT_CLASS = YES_ERROR;
				CLANG_WARN_QUOTED_INCLUDE_IN_FRAMEWORK_HEADER = YES;
				CLANG_WARN_RANGE_LOOP_ANALYSIS = YES;
				CLANG_WARN_STRICT_PROTOTYPES = YES;
				CLANG_WARN_SUSPICIOUS_MOVE = YES;
				CLANG_WARN_UNGUARDED_AVAILABILITY = YES_AGGRESSIVE;
				CLANG_WARN_UNREACHABLE_CODE = YES;
				CLANG_WARN__DUPLICATE_METHOD_MATCH = YES;
				COPY_PHASE_STRIP = NO;
				DEBUG_INFORMATION_FORMAT = dwarf;
				ENABLE_STRICT_OBJC_MSGSEND = YES;
				ENABLE_TESTABILITY = YES;
				ENABLE_USER_SCRIPT_SANDBOXING = YES;
				GCC_C_LANGUAGE_STANDARD = gnu17;
				GCC_DYNAMIC_NO_PIC = NO;
				GCC_NO_COMMON_BLOCKS = YES;
				GCC_OPTIMIZATION_LEVEL = 0;
				GCC_PREPROCESSOR_DEFINITIONS = (
					"DEBUG=1",
					"$(inherited)",
				);
				GCC_WARN_64_TO_32_BIT_CONVERSION = YES;
				GCC_WARN_ABOUT_RETURN_TYPE = YES_ERROR;
				GCC_WARN_UNDECLARED_SELECTOR = YES;
				GCC_WARN_UNINITIALIZED_AUTOS = YES_AGGRESSIVE;
				GCC_WARN_UNUSED_FUNCTION = YES;
				GCC_WARN_UNUSED_VARIABLE = YES;
				IPHONEOS_DEPLOYMENT_TARGET = 18.0;
				LOCALIZATION_PREFERS_STRING_CATALOGS = YES;
				MTL_ENABLE_DEBUG_INFO = INCLUDE_SOURCE;
				MTL_FAST_MATH = YES;
				ONLY_ACTIVE_ARCH = YES;
				SDKROOT = iphoneos;
				SWIFT_ACTIVE_COMPILATION_CONDITIONS = "DEBUG $(inherited)";
				SWIFT_OPTIMIZATION_LEVEL = "-Onone";
			};
			name = Debug;
		};
		B97B76412CA0C94600ABEDD0 /* Release */ = {
			isa = XCBuildConfiguration;
			buildSettings = {
				ALWAYS_SEARCH_USER_PATHS = NO;
				ASSETCATALOG_COMPILER_GENERATE_SWIFT_ASSET_SYMBOL_EXTENSIONS = YES;
				CLANG_ANALYZER_NONNULL = YES;
				CLANG_ANALYZER_NUMBER_OBJECT_CONVERSION = YES_AGGRESSIVE;
				CLANG_CXX_LANGUAGE_STANDARD = "gnu++20";
				CLANG_ENABLE_MODULES = YES;
				CLANG_ENABLE_OBJC_ARC = YES;
				CLANG_ENABLE_OBJC_WEAK = YES;
				CLANG_WARN_BLOCK_CAPTURE_AUTORELEASING = YES;
				CLANG_WARN_BOOL_CONVERSION = YES;
				CLANG_WARN_COMMA = YES;
				CLANG_WARN_CONSTANT_CONVERSION = YES;
				CLANG_WARN_DEPRECATED_OBJC_IMPLEMENTATIONS = YES;
				CLANG_WARN_DIRECT_OBJC_ISA_USAGE = YES_ERROR;
				CLANG_WARN_DOCUMENTATION_COMMENTS = YES;
				CLANG_WARN_EMPTY_BODY = YES;
				CLANG_WARN_ENUM_CONVERSION = YES;
				CLANG_WARN_INFINITE_RECURSION = YES;
				CLANG_WARN_INT_CONVERSION = YES;
				CLANG_WARN_NON_LITERAL_NULL_CONVERSION = YES;
				CLANG_WARN_OBJC_IMPLICIT_RETAIN_SELF = YES;
				CLANG_WARN_OBJC_LITERAL_CONVERSION = YES;
				CLANG_WARN_OBJC_ROOT_CLASS = YES_ERROR;
				CLANG_WARN_QUOTED_INCLUDE_IN_FRAMEWORK_HEADER = YES;
				CLANG_WARN_RANGE_LOOP_ANALYSIS = YES;
				CLANG_WARN_STRICT_PROTOTYPES = YES;
				CLANG_WARN_SUSPICIOUS_MOVE = YES;
				CLANG_WARN_UNGUARDED_AVAILABILITY = YES_AGGRESSIVE;
				CLANG_WARN_UNREACHABLE_CODE = YES;
				CLANG_WARN__DUPLICATE_METHOD_MATCH = YES;
				COPY_PHASE_STRIP = NO;
				DEBUG_INFORMATION_FORMAT = "dwarf-with-dsym";
				ENABLE_NS_ASSERTIONS = NO;
				ENABLE_STRICT_OBJC_MSGSEND = YES;
				ENABLE_USER_SCRIPT_SANDBOXING = YES;
				GCC_C_LANGUAGE_STANDARD = gnu17;
				GCC_NO_COMMON_BLOCKS = YES;
				GCC_WARN_64_TO_32_BIT_CONVERSION = YES;
				GCC_WARN_ABOUT_RETURN_TYPE = YES_ERROR;
				GCC_WARN_UNDECLARED_SELECTOR = YES;
				GCC_WARN_UNINITIALIZED_AUTOS = YES_AGGRESSIVE;
				GCC_WARN_UNUSED_FUNCTION = YES;
				GCC_WARN_UNUSED_VARIABLE = YES;
				IPHONEOS_DEPLOYMENT_TARGET = 18.0;
				LOCALIZATION_PREFERS_STRING_CATALOGS = YES;
				MTL_ENABLE_DEBUG_INFO = NO;
				MTL_FAST_MATH = YES;
				SDKROOT = iphoneos;
				SWIFT_COMPILATION_MODE = wholemodule;
				VALIDATE_PRODUCT = YES;
			};
			name = Release;
		};
		B97B76432CA0C94600ABEDD0 /* Debug */ = {
			isa = XCBuildConfiguration;
			buildSettings = {
				ASSETCATALOG_COMPILER_APPICON_NAME = AppIcon;
				ASSETCATALOG_COMPILER_GLOBAL_ACCENT_COLOR_NAME = AccentColor;
				CODE_SIGN_STYLE = Automatic;
				CURRENT_PROJECT_VERSION = 1;
				DEVELOPMENT_ASSET_PATHS = "\"ToDoList/Preview Content\"";
				ENABLE_PREVIEWS = YES;
				GENERATE_INFOPLIST_FILE = YES;
				INFOPLIST_KEY_UIApplicationSceneManifest_Generation = YES;
				INFOPLIST_KEY_UIApplicationSupportsIndirectInputEvents = YES;
				INFOPLIST_KEY_UILaunchStoryboardName = LaunchScreen;
				INFOPLIST_KEY_UISupportedInterfaceOrientations_iPad = "UIInterfaceOrientationPortrait UIInterfaceOrientationPortraitUpsideDown UIInterfaceOrientationLandscapeLeft UIInterfaceOrientationLandscapeRight";
				INFOPLIST_KEY_UISupportedInterfaceOrientations_iPhone = "UIInterfaceOrientationPortrait UIInterfaceOrientationLandscapeLeft UIInterfaceOrientationLandscapeRight";
				LD_RUNPATH_SEARCH_PATHS = (
					"$(inherited)",
					"@executable_path/Frameworks",
				);
				MARKETING_VERSION = 1.0;
				PRODUCT_BUNDLE_IDENTIFIER = dan.ToDoList;
				PRODUCT_NAME = "$(TARGET_NAME)";
				SWIFT_EMIT_LOC_STRINGS = YES;
				SWIFT_VERSION = 5.0;
				TARGETED_DEVICE_FAMILY = "1,2";
			};
			name = Debug;
		};
		B97B76442CA0C94600ABEDD0 /* Release */ = {
			isa = XCBuildConfiguration;
			buildSettings = {
				ASSETCATALOG_COMPILER_APPICON_NAME = AppIcon;
				ASSETCATALOG_COMPILER_GLOBAL_ACCENT_COLOR_NAME = AccentColor;
				CODE_SIGN_STYLE = Automatic;
				CURRENT_PROJECT_VERSION = 1;
				DEVELOPMENT_ASSET_PATHS = "\"ToDoList/Preview Content\"";
				ENABLE_PREVIEWS = YES;
				GENERATE_INFOPLIST_FILE = YES;
				INFOPLIST_KEY_UIApplicationSceneManifest_Generation = YES;
				INFOPLIST_KEY_UIApplicationSupportsIndirectInputEvents = YES;
				INFOPLIST_KEY_UILaunchStoryboardName = LaunchScreen;
				INFOPLIST_KEY_UISupportedInterfaceOrientations_iPad = "UIInterfaceOrientationPortrait UIInterfaceOrientationPortraitUpsideDown UIInterfaceOrientationLandscapeLeft UIInterfaceOrientationLandscapeRight";
				INFOPLIST_KEY_UISupportedInterfaceOrientations_iPhone = "UIInterfaceOrientationPortrait UIInterfaceOrientationLandscapeLeft UIInterfaceOrientationLandscapeRight";
				LD_RUNPATH_SEARCH_PATHS = (
					"$(inherited)",
					"@executable_path/Frameworks",
				);
				MARKETING_VERSION = 1.0;
				PRODUCT_BUNDLE_IDENTIFIER = dan.ToDoList;
				PRODUCT_NAME = "$(TARGET_NAME)";
				SWIFT_EMIT_LOC_STRINGS = YES;
				SWIFT_VERSION = 5.0;
				TARGETED_DEVICE_FAMILY = "1,2";
			};
			name = Release;
		};
		B97B76462CA0C94600ABEDD0 /* Debug */ = {
			isa = XCBuildConfiguration;
			buildSettings = {
				BUNDLE_LOADER = "$(TEST_HOST)";
				CODE_SIGN_STYLE = Automatic;
				CURRENT_PROJECT_VERSION = 1;
				GENERATE_INFOPLIST_FILE = YES;
				IPHONEOS_DEPLOYMENT_TARGET = 18.0;
				MARKETING_VERSION = 1.0;
				PRODUCT_BUNDLE_IDENTIFIER = dan.ToDoListTests;
				PRODUCT_NAME = "$(TARGET_NAME)";
				SWIFT_EMIT_LOC_STRINGS = NO;
				SWIFT_VERSION = 5.0;
				TARGETED_DEVICE_FAMILY = "1,2";
				TEST_HOST = "$(BUILT_PRODUCTS_DIR)/ToDoList.app/$(BUNDLE_EXECUTABLE_FOLDER_PATH)/ToDoList";
			};
			name = Debug;
		};
		B97B76472CA0C94600ABEDD0 /* Release */ = {
			isa = XCBuildConfiguration;
			buildSettings = {
				BUNDLE_LOADER = "$(TEST_HOST)";
				CODE_SIGN_STYLE = Automatic;
				CURRENT_PROJECT_VERSION = 1;
				GENERATE_INFOPLIST_FILE = YES;
				IPHONEOS_DEPLOYMENT_TARGET = 18.0;
				MARKETING_VERSION = 1.0;
				PRODUCT_BUNDLE_IDENTIFIER = dan.ToDoListTests;
				PRODUCT_NAME = "$(TARGET_NAME)";
				SWIFT_EMIT_LOC_STRINGS = NO;
				SWIFT_VERSION = 5.0;
				TARGETED_DEVICE_FAMILY = "1,2";
				TEST_HOST = "$(BUILT_PRODUCTS_DIR)/ToDoList.app/$(BUNDLE_EXECUTABLE_FOLDER_PATH)/ToDoList";
			};
			name = Release;
		};
		B97B76492CA0C94600ABEDD0 /* Debug */ = {
			isa = XCBuildConfiguration;
			buildSettings = {
				CODE_SIGN_STYLE = Automatic;
				CURRENT_PROJECT_VERSION = 1;
				GENERATE_INFOPLIST_FILE = YES;
				MARKETING_VERSION = 1.0;
				PRODUCT_BUNDLE_IDENTIFIER = dan.ToDoListUITests;
				PRODUCT_NAME = "$(TARGET_NAME)";
				SWIFT_EMIT_LOC_STRINGS = NO;
				SWIFT_VERSION = 5.0;
				TARGETED_DEVICE_FAMILY = "1,2";
				TEST_TARGET_NAME = ToDoList;
			};
			name = Debug;
		};
		B97B764A2CA0C94600ABEDD0 /* Release */ = {
			isa = XCBuildConfiguration;
			buildSettings = {
				CODE_SIGN_STYLE = Automatic;
				CURRENT_PROJECT_VERSION = 1;
				GENERATE_INFOPLIST_FILE = YES;
				MARKETING_VERSION = 1.0;
				PRODUCT_BUNDLE_IDENTIFIER = dan.ToDoListUITests;
				PRODUCT_NAME = "$(TARGET_NAME)";
				SWIFT_EMIT_LOC_STRINGS = NO;
				SWIFT_VERSION = 5.0;
				TARGETED_DEVICE_FAMILY = "1,2";
				TEST_TARGET_NAME = ToDoList;
			};
			name = Release;
		};
/* End XCBuildConfiguration section */

/* Begin XCConfigurationList section */
		B97B76192CA0C94300ABEDD0 /* Build configuration list for PBXProject "ToDoList" */ = {
			isa = XCConfigurationList;
			buildConfigurations = (
				B97B76402CA0C94600ABEDD0 /* Debug */,
				B97B76412CA0C94600ABEDD0 /* Release */,
			);
			defaultConfigurationIsVisible = 0;
			defaultConfigurationName = Release;
		};
		B97B76422CA0C94600ABEDD0 /* Build configuration list for PBXNativeTarget "ToDoList" */ = {
			isa = XCConfigurationList;
			buildConfigurations = (
				B97B76432CA0C94600ABEDD0 /* Debug */,
				B97B76442CA0C94600ABEDD0 /* Release */,
			);
			defaultConfigurationIsVisible = 0;
			defaultConfigurationName = Release;
		};
		B97B76452CA0C94600ABEDD0 /* Build configuration list for PBXNativeTarget "ToDoListTests" */ = {
			isa = XCConfigurationList;
			buildConfigurations = (
				B97B76462CA0C94600ABEDD0 /* Debug */,
				B97B76472CA0C94600ABEDD0 /* Release */,
			);
			defaultConfigurationIsVisible = 0;
			defaultConfigurationName = Release;
		};
		B97B76482CA0C94600ABEDD0 /* Build configuration list for PBXNativeTarget "ToDoListUITests" */ = {
			isa = XCConfigurationList;
			buildConfigurations = (
				B97B76492CA0C94600ABEDD0 /* Debug */,
				B97B764A2CA0C94600ABEDD0 /* Release */,
			);
			defaultConfigurationIsVisible = 0;
			defaultConfigurationName = Release;
		};
/* End XCConfigurationList section */
	};
	rootObject = B97B76162CA0C94300ABEDD0 /* Project object */;
}
